
Microsoft Visual Studio Solution File, Format Version 12.00
# Visual Studio Version 17
VisualStudioVersion = 17.3.32825.248
MinimumVisualStudioVersion = 10.0.40219.1
Project("{9A19103F-16F7-4668-BE54-9A1E7A4F7556}") = "SqliteEditor", "SqliteEditor\SqliteEditor.csproj", "{21B720D4-9212-4B5B-8E12-E8EE30A8E01F}"
EndProject
Project("{9A19103F-16F7-4668-BE54-9A1E7A4F7556}") = "SqliteEditorTest", "SqliteEditorTest\SqliteEditorTest.csproj", "{AAD4240D-5B76-4D77-9E1D-26250413B688}"
EndProject
Global
	GlobalSection(SolutionConfigurationPlatforms) = preSolution
		Debug|Any CPU = Debug|Any CPU
		Release|Any CPU = Release|Any CPU
	EndGlobalSection
	GlobalSection(ProjectConfigurationPlatforms) = postSolution
		{21B720D4-9212-4B5B-8E12-E8EE30A8E01F}.Debug|Any CPU.ActiveCfg = Debug|Any CPU
		{21B720D4-9212-4B5B-8E12-E8EE30A8E01F}.Debug|Any CPU.Build.0 = Debug|Any CPU
		{21B720D4-9212-4B5B-8E12-E8EE30A8E01F}.Release|Any CPU.ActiveCfg = Release|Any CPU
		{21B720D4-9212-4B5B-8E12-E8EE30A8E01F}.Release|Any CPU.Build.0 = Release|Any CPU
		{AAD4240D-5B76-4D77-9E1D-26250413B688}.Debug|Any CPU.ActiveCfg = Debug|Any CPU
		{AAD4240D-5B76-4D77-9E1D-26250413B688}.Debug|Any CPU.Build.0 = Debug|Any CPU
		{AAD4240D-5B76-4D77-9E1D-26250413B688}.Release|Any CPU.ActiveCfg = Release|Any CPU
		{AAD4240D-5B76-4D77-9E1D-26250413B688}.Release|Any CPU.Build.0 = Release|Any CPU
	EndGlobalSection
	GlobalSection(SolutionProperties) = preSolution
		HideSolutionNode = FALSE
	EndGlobalSection
	GlobalSection(ExtensibilityGlobals) = postSolution
		SolutionGuid = {691A81B6-0C6F-40DE-8581-C1B78F8A7714}
	EndGlobalSection
EndGlobal
